schema: '2.0'
stages:
  data_collection:
    cmd: python src/data_collection.py
    deps:
    - path: src/data_collection.py
      hash: md5
      md5: 49d6a68c17c1eca63656c200c0fd4063
      size: 2016
    params:
      params.yaml:
        data_collection.test_size: 0.3
    outs:
    - path: data/raw
      hash: md5
      md5: 1442b844db67d08fb812f1e395281595.dir
      size: 115316
      nfiles: 2
  data_preprocessing:
    cmd: python src/data_preprocessing.py
    deps:
    - path: data/raw
      hash: md5
      md5: 1442b844db67d08fb812f1e395281595.dir
      size: 115316
      nfiles: 2
    - path: src/data_preprocessing.py
      hash: md5
      md5: 16fef6a219bfdf26533ec48d5f419cea
      size: 2185
    outs:
    - path: data/processed
      hash: md5
      md5: 1107c66893a0118d0b1047b78e10e21f.dir
      size: 200090
      nfiles: 2
  model_building:
    cmd: python src/model_building.py
    deps:
    - path: data/processed
      hash: md5
      md5: 1107c66893a0118d0b1047b78e10e21f.dir
      size: 200090
      nfiles: 2
    - path: src/model_building.py
      hash: md5
      md5: 3a458cb5a93f12c64fa68a9cafe09252
      size: 2780
    params:
      params.yaml:
        model_building.max_depth: 20
        model_building.min_samples_split: 6
        model_building.n_estimators: 562
    outs:
    - path: model.pkl
      hash: md5
      md5: 9233b27037df7d4b0e07db79a09934e1
      size: 27585684
  model_evaluation:
    cmd: python src/model_evaluation.py
    deps:
    - path: model.pkl
      hash: md5
      md5: 9233b27037df7d4b0e07db79a09934e1
      size: 27585684
    - path: src/model_evaluation.py
      hash: md5
      md5: d208116d9a47c8f79f177dcc07576ebf
      size: 2596
    outs:
    - path: metrics.json
      hash: md5
      md5: 9922d91437fda8b2821bf0ee1da3e0df
      size: 98
